
Microsoft Visual Studio Solution File, Format Version 12.00
# Visual Studio Version 16
VisualStudioVersion = 16.0.31205.134
MinimumVisualStudioVersion = 10.0.40219.1
Project("{00D1A9C2-B5F0-4AF3-8072-F6C62B433612}") = "TSQL2012", "TSQL2012\TSQL2012.sqlproj", "{FC142B12-F49D-4575-BCAF-33AFF06538FC}"
EndProject
Global
	GlobalSection(SolutionConfigurationPlatforms) = preSolution
		Debug|Any CPU = Debug|Any CPU
		Release|Any CPU = Release|Any CPU
	EndGlobalSection
	GlobalSection(ProjectConfigurationPlatforms) = postSolution
		{FC142B12-F49D-4575-BCAF-33AFF06538FC}.Debug|Any CPU.ActiveCfg = Debug|Any CPU
		{FC142B12-F49D-4575-BCAF-33AFF06538FC}.Debug|Any CPU.Build.0 = Debug|Any CPU
		{FC142B12-F49D-4575-BCAF-33AFF06538FC}.Debug|Any CPU.Deploy.0 = Debug|Any CPU
		{FC142B12-F49D-4575-BCAF-33AFF06538FC}.Release|Any CPU.ActiveCfg = Release|Any CPU
		{FC142B12-F49D-4575-BCAF-33AFF06538FC}.Release|Any CPU.Build.0 = Release|Any CPU
		{FC142B12-F49D-4575-BCAF-33AFF06538FC}.Release|Any CPU.Deploy.0 = Release|Any CPU
	EndGlobalSection
	GlobalSection(SolutionProperties) = preSolution
		HideSolutionNode = FALSE
	EndGlobalSection
	GlobalSection(ExtensibilityGlobals) = postSolution
		SolutionGuid = {A4B06648-F4E8-4ACA-A886-39CCE9B78DC4}
	EndGlobalSection
EndGlobal
